
Microsoft Visual Studio Solution File, Format Version 12.00
# Visual Studio Version 17
VisualStudioVersion = 17.4.33103.184
MinimumVisualStudioVersion = 10.0.40219.1
Project("{FAE04EC0-301F-11D3-BF4B-00C04F79EFBC}") = "ApiDAO", "ApiDAO\ApiDAO.csproj", "{DA2C5C41-DAFB-4CFB-AD39-13FD61EBC360}"
EndProject
Global
	GlobalSection(SolutionConfigurationPlatforms) = preSolution
		Debug|Any CPU = Debug|Any CPU
		Release|Any CPU = Release|Any CPU
	EndGlobalSection
	GlobalSection(ProjectConfigurationPlatforms) = postSolution
		{DA2C5C41-DAFB-4CFB-AD39-13FD61EBC360}.Debug|Any CPU.ActiveCfg = Debug|Any CPU
		{DA2C5C41-DAFB-4CFB-AD39-13FD61EBC360}.Debug|Any CPU.Build.0 = Debug|Any CPU
		{DA2C5C41-DAFB-4CFB-AD39-13FD61EBC360}.Release|Any CPU.ActiveCfg = Release|Any CPU
		{DA2C5C41-DAFB-4CFB-AD39-13FD61EBC360}.Release|Any CPU.Build.0 = Release|Any CPU
	EndGlobalSection
	GlobalSection(SolutionProperties) = preSolution
		HideSolutionNode = FALSE
	EndGlobalSection
	GlobalSection(ExtensibilityGlobals) = postSolution
		SolutionGuid = {BDAA6962-3DEB-4F78-B33B-204E6FEF3833}
	EndGlobalSection
EndGlobal
